
Microsoft Visual Studio Solution File, Format Version 12.00
# Visual Studio Version 17
VisualStudioVersion = 17.7.34031.279
MinimumVisualStudioVersion = 10.0.40219.1
Project("{FAE04EC0-301F-11D3-BF4B-00C04F79EFBC}") = "shareWithLove", "shareWithLove\shareWithLove.csproj", "{99396B59-66DB-4D84-829B-05D6C8E49CA7}"
EndProject
Global
	GlobalSection(SolutionConfigurationPlatforms) = preSolution
		Debug|Any CPU = Debug|Any CPU
		Release|Any CPU = Release|Any CPU
	EndGlobalSection
	GlobalSection(ProjectConfigurationPlatforms) = postSolution
		{99396B59-66DB-4D84-829B-05D6C8E49CA7}.Debug|Any CPU.ActiveCfg = Debug|Any CPU
		{99396B59-66DB-4D84-829B-05D6C8E49CA7}.Debug|Any CPU.Build.0 = Debug|Any CPU
		{99396B59-66DB-4D84-829B-05D6C8E49CA7}.Release|Any CPU.ActiveCfg = Release|Any CPU
		{99396B59-66DB-4D84-829B-05D6C8E49CA7}.Release|Any CPU.Build.0 = Release|Any CPU
	EndGlobalSection
	GlobalSection(SolutionProperties) = preSolution
		HideSolutionNode = FALSE
	EndGlobalSection
	GlobalSection(ExtensibilityGlobals) = postSolution
		SolutionGuid = {C899AEC4-8F44-47F2-BDD1-823FD49260D7}
	EndGlobalSection
EndGlobal
